
Microsoft Visual Studio Solution File, Format Version 12.00
# Visual Studio Version 17
VisualStudioVersion = 17.8.34309.116
MinimumVisualStudioVersion = 10.0.40219.1
Project("{FAE04EC0-301F-11D3-BF4B-00C04F79EFBC}") = "Growthbook.FeatureManagement", "Growthbook.FeatureManagement\Growthbook.FeatureManagement.csproj", "{7F4280A7-3D29-446E-9E85-EF8F42CEECB8}"
EndProject
Project("{FAE04EC0-301F-11D3-BF4B-00C04F79EFBC}") = "Growthbook.FeatureManagement.Tests", "Growthbook.FeatureManagement.Tests\Growthbook.FeatureManagement.Tests.csproj", "{5598A4E5-C0DB-4E7A-B451-52DC70C637DC}"
EndProject
Global
	GlobalSection(SolutionConfigurationPlatforms) = preSolution
		Debug|Any CPU = Debug|Any CPU
		Release|Any CPU = Release|Any CPU
	EndGlobalSection
	GlobalSection(ProjectConfigurationPlatforms) = postSolution
		{7F4280A7-3D29-446E-9E85-EF8F42CEECB8}.Debug|Any CPU.ActiveCfg = Debug|Any CPU
		{7F4280A7-3D29-446E-9E85-EF8F42CEECB8}.Debug|Any CPU.Build.0 = Debug|Any CPU
		{7F4280A7-3D29-446E-9E85-EF8F42CEECB8}.Release|Any CPU.ActiveCfg = Release|Any CPU
		{7F4280A7-3D29-446E-9E85-EF8F42CEECB8}.Release|Any CPU.Build.0 = Release|Any CPU
		{5598A4E5-C0DB-4E7A-B451-52DC70C637DC}.Debug|Any CPU.ActiveCfg = Debug|Any CPU
		{5598A4E5-C0DB-4E7A-B451-52DC70C637DC}.Debug|Any CPU.Build.0 = Debug|Any CPU
		{5598A4E5-C0DB-4E7A-B451-52DC70C637DC}.Release|Any CPU.ActiveCfg = Release|Any CPU
		{5598A4E5-C0DB-4E7A-B451-52DC70C637DC}.Release|Any CPU.Build.0 = Release|Any CPU
	EndGlobalSection
	GlobalSection(SolutionProperties) = preSolution
		HideSolutionNode = FALSE
	EndGlobalSection
	GlobalSection(ExtensibilityGlobals) = postSolution
		SolutionGuid = {DE8889A7-E828-4DC3-9911-C7FF34EC0EE7}
	EndGlobalSection
EndGlobal
